
Microsoft Visual Studio Solution File, Format Version 12.00
# Visual Studio Version 17
VisualStudioVersion = 17.2.32616.157
MinimumVisualStudioVersion = 10.0.40219.1
Project("{FAE04EC0-301F-11D3-BF4B-00C04F79EFBC}") = "InstaMazz", "InstaMazz.csproj", "{BF59AD6D-F8A8-43DB-8291-F45E34A1C7F5}"
EndProject
Global
	GlobalSection(SolutionConfigurationPlatforms) = preSolution
		Debug|Any CPU = Debug|Any CPU
		Release|Any CPU = Release|Any CPU
	EndGlobalSection
	GlobalSection(ProjectConfigurationPlatforms) = postSolution
		{BF59AD6D-F8A8-43DB-8291-F45E34A1C7F5}.Debug|Any CPU.ActiveCfg = Debug|Any CPU
		{BF59AD6D-F8A8-43DB-8291-F45E34A1C7F5}.Debug|Any CPU.Build.0 = Debug|Any CPU
		{BF59AD6D-F8A8-43DB-8291-F45E34A1C7F5}.Release|Any CPU.ActiveCfg = Release|Any CPU
		{BF59AD6D-F8A8-43DB-8291-F45E34A1C7F5}.Release|Any CPU.Build.0 = Release|Any CPU
	EndGlobalSection
	GlobalSection(SolutionProperties) = preSolution
		HideSolutionNode = FALSE
	EndGlobalSection
	GlobalSection(ExtensibilityGlobals) = postSolution
		SolutionGuid = {923794C0-B81E-4E22-B675-496300466A73}
	EndGlobalSection
EndGlobal
